// !$*UTF8*$!
{
	archiveVersion = 1;
	classes = {
	};
	objectVersion = 42;
	objects = {

/* Begin PBXBuildFile section */
		030461610C75158100D70803 /* NSFileManager+CSS.m in Sources */ = {isa = PBXBuildFile; fileRef = 030461600C75158100D70803 /* NSFileManager+CSS.m */; };
		030463F10C75347700D70803 /* Credits.html in Resources */ = {isa = PBXBuildFile; fileRef = 030463F00C75347700D70803 /* Credits.html */; };
		032F081B0C542D820037F590 /* AppleRemote.m in Sources */ = {isa = PBXBuildFile; fileRef = 032F081A0C542D820037F590 /* AppleRemote.m */; };
		033804240C86084300439E5A /* ImagesController.m in Sources */ = {isa = PBXBuildFile; fileRef = 033804230C86084300439E5A /* ImagesController.m */; };
		033F91E31012ACF8004AEBA0 /* NSImage+CSS.m in Sources */ = {isa = PBXBuildFile; fileRef = 033F91E21012ACF8004AEBA0 /* NSImage+CSS.m */; };
		03458E5A0C81CA5300385D93 /* NSString+CSS.m in Sources */ = {isa = PBXBuildFile; fileRef = 03458E590C81CA5300385D93 /* NSString+CSS.m */; };
		034CA91D0DEB72CD00460991 /* Flagged.png in Resources */ = {isa = PBXBuildFile; fileRef = 034CA91B0DEB72CD00460991 /* Flagged.png */; };
		034CA91E0DEB72CD00460991 /* FlaggedHeader.png in Resources */ = {isa = PBXBuildFile; fileRef = 034CA91C0DEB72CD00460991 /* FlaggedHeader.png */; };
		034F0B2D138EE5D000A98D10 /* Epeg.framework in Frameworks */ = {isa = PBXBuildFile; fileRef = 034F0B2C138EE5D000A98D10 /* Epeg.framework */; };
		034FC8780EBFB09C00BE42CA /* gmap.png in Resources */ = {isa = PBXBuildFile; fileRef = 034FC8770EBFB09C00BE42CA /* gmap.png */; };
		03677B9E0E3A45C600524B59 /* right.png in Resources */ = {isa = PBXBuildFile; fileRef = 03677B950E3A45C500524B59 /* right.png */; };
		03677B9F0E3A45C600524B59 /* slideshow.png in Resources */ = {isa = PBXBuildFile; fileRef = 03677B960E3A45C500524B59 /* slideshow.png */; };
		03677BA00E3A45C600524B59 /* trash.png in Resources */ = {isa = PBXBuildFile; fileRef = 03677B970E3A45C500524B59 /* trash.png */; };
		03677BA10E3A45C600524B59 /* remove.png in Resources */ = {isa = PBXBuildFile; fileRef = 03677B980E3A45C500524B59 /* remove.png */; };
		03677BA20E3A45C600524B59 /* fullscreen.png in Resources */ = {isa = PBXBuildFile; fileRef = 03677B990E3A45C500524B59 /* fullscreen.png */; };
		03677BA30E3A45C600524B59 /* left.png in Resources */ = {isa = PBXBuildFile; fileRef = 03677B9A0E3A45C500524B59 /* left.png */; };
		03677BA40E3A45C600524B59 /* flag.png in Resources */ = {isa = PBXBuildFile; fileRef = 03677B9B0E3A45C500524B59 /* flag.png */; };
		03677BA50E3A45C600524B59 /* folder.png in Resources */ = {isa = PBXBuildFile; fileRef = 03677B9C0E3A45C500524B59 /* folder.png */; };
		03677BA60E3A45C600524B59 /* add.png in Resources */ = {isa = PBXBuildFile; fileRef = 03677B9D0E3A45C600524B59 /* add.png */; };
		0367A7FA0C56CA6600BD57E8 /* IOKit.framework in Frameworks */ = {isa = PBXBuildFile; fileRef = 0367A7F90C56CA6600BD57E8 /* IOKit.framework */; };
		036D55130C712BFC004A8236 /* HIDRemoteControlDevice.m in Sources */ = {isa = PBXBuildFile; fileRef = 036D55120C712BFC004A8236 /* HIDRemoteControlDevice.m */; };
		036D55170C712C1B004A8236 /* RemoteControl.m in Sources */ = {isa = PBXBuildFile; fileRef = 036D55160C712C1B004A8236 /* RemoteControl.m */; };
		036D5C2F0C7269D0004A8236 /* Carbon.framework in Frameworks */ = {isa = PBXBuildFile; fileRef = 036D5C2E0C7269D0004A8236 /* Carbon.framework */; };
		037D95D40DCDD8BB00E8DEB7 /* MainMenu.xib in Resources */ = {isa = PBXBuildFile; fileRef = 037D95D20DCDD8BB00E8DEB7 /* MainMenu.xib */; };
		037D96190DCDDDCF00E8DEB7 /* AppDelegate+Toolbar.m in Sources */ = {isa = PBXBuildFile; fileRef = 037D96180DCDDDCF00E8DEB7 /* AppDelegate+Toolbar.m */; };
		037F66C21008E7FD0071E2A9 /* UserDefaults.plist in Resources */ = {isa = PBXBuildFile; fileRef = 037F66C11008E7FD0071E2A9 /* UserDefaults.plist */; };
		037F672D1008EDAE0071E2A9 /* Localizable.strings in Resources */ = {isa = PBXBuildFile; fileRef = 037F672C1008EDAE0071E2A9 /* Localizable.strings */; };
		037F69C1100A29BC0071E2A9 /* Sparkle.framework in Frameworks */ = {isa = PBXBuildFile; fileRef = 037F69C0100A29BC0071E2A9 /* Sparkle.framework */; };
		037F6A21100A2BA00071E2A9 /* Sparkle.framework in Frameworks */ = {isa = PBXBuildFile; fileRef = 037F69C0100A29BC0071E2A9 /* Sparkle.framework */; };
		037F6A5B100A2C8B0071E2A9 /* Sparkle.framework in Copy Frameworks */ = {isa = PBXBuildFile; fileRef = 037F69C0100A29BC0071E2A9 /* Sparkle.framework */; };
		037F6B27100A34130071E2A9 /* css_dsa_pub.pem in Resources */ = {isa = PBXBuildFile; fileRef = 037F6B26100A34130071E2A9 /* css_dsa_pub.pem */; };
		039B5A590ECE281600D7C02C /* CSSMapController.m in Sources */ = {isa = PBXBuildFile; fileRef = 039B5A580ECE281600D7C02C /* CSSMapController.m */; };
		03A122E30EC224F60076DF63 /* CSSImageView.m in Sources */ = {isa = PBXBuildFile; fileRef = 03A122E20EC224F60076DF63 /* CSSImageView.m */; };
		03A126B10EC2496C0076DF63 /* WebKit.framework in Frameworks */ = {isa = PBXBuildFile; fileRef = 03A126B00EC2496C0076DF63 /* WebKit.framework */; };
		03A127EB0EC252140076DF63 /* gmap.html in Resources */ = {isa = PBXBuildFile; fileRef = 03A127EA0EC252140076DF63 /* gmap.html */; };
		03A3F4410C77D97E009AD69D /* CSSWindow.m in Sources */ = {isa = PBXBuildFile; fileRef = 03A3F4400C77D97E009AD69D /* CSSWindow.m */; };
		03A3F55C0C786878009AD69D /* CocoaSlideShow.icns in Resources */ = {isa = PBXBuildFile; fileRef = 03A3F55B0C786878009AD69D /* CocoaSlideShow.icns */; };
		03B1BB110C5173B40032C03F /* AppDelegate.m in Sources */ = {isa = PBXBuildFile; fileRef = 03B1BB100C5173B40032C03F /* AppDelegate.m */; };
		03C710BE100BA1CE0050FA48 /* CSSBorderlessWindow.m in Sources */ = {isa = PBXBuildFile; fileRef = 03C710BD100BA1CE0050FA48 /* CSSBorderlessWindow.m */; };
		03DA06480C805F0B009D508F /* CSSImageInfo.m in Sources */ = {isa = PBXBuildFile; fileRef = 03DA06470C805F0B009D508F /* CSSImageInfo.m */; };
		5F4535E6135C5BD400CC3980 /* Quartz.framework in Frameworks */ = {isa = PBXBuildFile; fileRef = 5F4535E5135C5BD400CC3980 /* Quartz.framework */; };
		5F4FBF0D140690DE0070656D /* Epeg.framework in Copy Frameworks */ = {isa = PBXBuildFile; fileRef = 034F0B2C138EE5D000A98D10 /* Epeg.framework */; };
		8D11072B0486CEB800E47090 /* InfoPlist.strings in Resources */ = {isa = PBXBuildFile; fileRef = 089C165CFE840E0CC02AAC07 /* InfoPlist.strings */; };
		8D11072D0486CEB800E47090 /* main.m in Sources */ = {isa = PBXBuildFile; fileRef = 29B97316FDCFA39411CA2CEA /* main.m */; settings = {ATTRIBUTES = (); }; };
		8D11072F0486CEB800E47090 /* Cocoa.framework in Frameworks */ = {isa = PBXBuildFile; fileRef = 1058C7A1FEA54F0111CA2CBB /* Cocoa.framework */; };
/* End PBXBuildFile section */

/* Begin PBXCopyFilesBuildPhase section */
		037F6A2B100A2BB60071E2A9 /* Copy Frameworks */ = {
			isa = PBXCopyFilesBuildPhase;
			buildActionMask = 2147483647;
			dstPath = "";
			dstSubfolderSpec = 10;
			files = (
				5F4FBF0D140690DE0070656D /* Epeg.framework in Copy Frameworks */,
				037F6A5B100A2C8B0071E2A9 /* Sparkle.framework in Copy Frameworks */,
			);
			name = "Copy Frameworks";
			runOnlyForDeploymentPostprocessing = 0;
		};
/* End PBXCopyFilesBuildPhase section */

/* Begin PBXFileReference section */
		0304615F0C75158100D70803 /* NSFileManager+CSS.h */ = {isa = PBXFileReference; fileEncoding = 4; lastKnownFileType = sourcecode.c.h; path = "NSFileManager+CSS.h"; sourceTree = "<group>"; };
		030461600C75158100D70803 /* NSFileManager+CSS.m */ = {isa = PBXFileReference; fileEncoding = 4; lastKnownFileType = sourcecode.c.objc; path = "NSFileManager+CSS.m"; sourceTree = "<group>"; };
		030463F00C75347700D70803 /* Credits.html */ = {isa = PBXFileReference; fileEncoding = 30; lastKnownFileType = text.html; path = Credits.html; sourceTree = "<group>"; };
		032F08190C542D820037F590 /* AppleRemote.h */ = {isa = PBXFileReference; fileEncoding = 30; lastKnownFileType = sourcecode.c.h; path = AppleRemote.h; sourceTree = "<group>"; };
		032F081A0C542D820037F590 /* AppleRemote.m */ = {isa = PBXFileReference; fileEncoding = 30; lastKnownFileType = sourcecode.c.objc; path = AppleRemote.m; sourceTree = "<group>"; };
		033804220C86084300439E5A /* ImagesController.h */ = {isa = PBXFileReference; fileEncoding = 30; lastKnownFileType = sourcecode.c.h; path = ImagesController.h; sourceTree = "<group>"; };
		033804230C86084300439E5A /* ImagesController.m */ = {isa = PBXFileReference; fileEncoding = 30; lastKnownFileType = sourcecode.c.objc; path = ImagesController.m; sourceTree = "<group>"; };
		033F91E11012ACF8004AEBA0 /* NSImage+CSS.h */ = {isa = PBXFileReference; fileEncoding = 4; lastKnownFileType = sourcecode.c.h; path = "NSImage+CSS.h"; sourceTree = "<group>"; };
		033F91E21012ACF8004AEBA0 /* NSImage+CSS.m */ = {isa = PBXFileReference; fileEncoding = 4; lastKnownFileType = sourcecode.c.objc; path = "NSImage+CSS.m"; sourceTree = "<group>"; };
		03458E580C81CA5300385D93 /* NSString+CSS.h */ = {isa = PBXFileReference; fileEncoding = 4; lastKnownFileType = sourcecode.c.h; path = "NSString+CSS.h"; sourceTree = "<group>"; };
		03458E590C81CA5300385D93 /* NSString+CSS.m */ = {isa = PBXFileReference; fileEncoding = 4; lastKnownFileType = sourcecode.c.objc; path = "NSString+CSS.m"; sourceTree = "<group>"; };
		034CA91B0DEB72CD00460991 /* Flagged.png */ = {isa = PBXFileReference; lastKnownFileType = image.png; path = Flagged.png; sourceTree = "<group>"; };
		034CA91C0DEB72CD00460991 /* FlaggedHeader.png */ = {isa = PBXFileReference; lastKnownFileType = image.png; path = FlaggedHeader.png; sourceTree = "<group>"; };
		034F0B2C138EE5D000A98D10 /* Epeg.framework */ = {isa = PBXFileReference; lastKnownFileType = wrapper.framework; path = Epeg.framework; sourceTree = "<group>"; };
		034FC8770EBFB09C00BE42CA /* gmap.png */ = {isa = PBXFileReference; lastKnownFileType = image.png; path = gmap.png; sourceTree = "<group>"; };
		03677B950E3A45C500524B59 /* right.png */ = {isa = PBXFileReference; lastKnownFileType = image.png; path = right.png; sourceTree = "<group>"; };
		03677B960E3A45C500524B59 /* slideshow.png */ = {isa = PBXFileReference; lastKnownFileType = image.png; path = slideshow.png; sourceTree = "<group>"; };
		03677B970E3A45C500524B59 /* trash.png */ = {isa = PBXFileReference; lastKnownFileType = image.png; path = trash.png; sourceTree = "<group>"; };
		03677B980E3A45C500524B59 /* remove.png */ = {isa = PBXFileReference; lastKnownFileType = image.png; path = remove.png; sourceTree = "<group>"; };
		03677B990E3A45C500524B59 /* fullscreen.png */ = {isa = PBXFileReference; lastKnownFileType = image.png; path = fullscreen.png; sourceTree = "<group>"; };
		03677B9A0E3A45C500524B59 /* left.png */ = {isa = PBXFileReference; lastKnownFileType = image.png; path = left.png; sourceTree = "<group>"; };
		03677B9B0E3A45C500524B59 /* flag.png */ = {isa = PBXFileReference; lastKnownFileType = image.png; path = flag.png; sourceTree = "<group>"; };
		03677B9C0E3A45C500524B59 /* folder.png */ = {isa = PBXFileReference; lastKnownFileType = image.png; path = folder.png; sourceTree = "<group>"; };
		03677B9D0E3A45C600524B59 /* add.png */ = {isa = PBXFileReference; lastKnownFileType = image.png; path = add.png; sourceTree = "<group>"; };
		0367A7F90C56CA6600BD57E8 /* IOKit.framework */ = {isa = PBXFileReference; lastKnownFileType = wrapper.framework; name = IOKit.framework; path = /System/Library/Frameworks/IOKit.framework; sourceTree = "<absolute>"; };
		036D55110C712BFC004A8236 /* HIDRemoteControlDevice.h */ = {isa = PBXFileReference; fileEncoding = 30; lastKnownFileType = sourcecode.c.h; path = HIDRemoteControlDevice.h; sourceTree = "<group>"; };
		036D55120C712BFC004A8236 /* HIDRemoteControlDevice.m */ = {isa = PBXFileReference; fileEncoding = 30; lastKnownFileType = sourcecode.c.objc; path = HIDRemoteControlDevice.m; sourceTree = "<group>"; };
		036D55150C712C1B004A8236 /* RemoteControl.h */ = {isa = PBXFileReference; fileEncoding = 30; lastKnownFileType = sourcecode.c.h; path = RemoteControl.h; sourceTree = "<group>"; };
		036D55160C712C1B004A8236 /* RemoteControl.m */ = {isa = PBXFileReference; fileEncoding = 30; lastKnownFileType = sourcecode.c.objc; path = RemoteControl.m; sourceTree = "<group>"; };
		036D5C2E0C7269D0004A8236 /* Carbon.framework */ = {isa = PBXFileReference; lastKnownFileType = wrapper.framework; name = Carbon.framework; path = /System/Library/Frameworks/Carbon.framework; sourceTree = "<absolute>"; };
		037D95D30DCDD8BB00E8DEB7 /* English */ = {isa = PBXFileReference; lastKnownFileType = file.xib; name = English; path = English.lproj/MainMenu.xib; sourceTree = "<group>"; };
		037D96170DCDDDCF00E8DEB7 /* AppDelegate+Toolbar.h */ = {isa = PBXFileReference; fileEncoding = 4; lastKnownFileType = sourcecode.c.h; path = "AppDelegate+Toolbar.h"; sourceTree = "<group>"; };
		037D96180DCDDDCF00E8DEB7 /* AppDelegate+Toolbar.m */ = {isa = PBXFileReference; fileEncoding = 4; lastKnownFileType = sourcecode.c.objc; path = "AppDelegate+Toolbar.m"; sourceTree = "<group>"; };
		037F66C11008E7FD0071E2A9 /* UserDefaults.plist */ = {isa = PBXFileReference; fileEncoding = 4; lastKnownFileType = text.plist.xml; path = UserDefaults.plist; sourceTree = "<group>"; };
		037F672A1008EDA90071E2A9 /* English */ = {isa = PBXFileReference; fileEncoding = 4; lastKnownFileType = text.plist.strings; name = English; path = English.lproj/Localizable.strings; sourceTree = "<group>"; };
		037F67341008EDB60071E2A9 /* French */ = {isa = PBXFileReference; lastKnownFileType = text.plist.strings; name = French; path = French.lproj/Localizable.strings; sourceTree = "<group>"; };
		037F67A11008F41E0071E2A9 /* French */ = {isa = PBXFileReference; lastKnownFileType = file.xib; name = French; path = French.lproj/MainMenu.xib; sourceTree = "<group>"; };
		037F69C0100A29BC0071E2A9 /* Sparkle.framework */ = {isa = PBXFileReference; lastKnownFileType = wrapper.framework; path = Sparkle.framework; sourceTree = "<group>"; };
		037F6B26100A34130071E2A9 /* css_dsa_pub.pem */ = {isa = PBXFileReference; fileEncoding = 4; lastKnownFileType = text; path = css_dsa_pub.pem; sourceTree = "<group>"; };
		039B5A570ECE281600D7C02C /* CSSMapController.h */ = {isa = PBXFileReference; fileEncoding = 4; lastKnownFileType = sourcecode.c.h; path = CSSMapController.h; sourceTree = "<group>"; };
		039B5A580ECE281600D7C02C /* CSSMapController.m */ = {isa = PBXFileReference; fileEncoding = 4; lastKnownFileType = sourcecode.c.objc; path = CSSMapController.m; sourceTree = "<group>"; };
		03A122E10EC224F60076DF63 /* CSSImageView.h */ = {isa = PBXFileReference; fileEncoding = 4; lastKnownFileType = sourcecode.c.h; path = CSSImageView.h; sourceTree = "<group>"; };
		03A122E20EC224F60076DF63 /* CSSImageView.m */ = {isa = PBXFileReference; fileEncoding = 4; lastKnownFileType = sourcecode.c.objc; path = CSSImageView.m; sourceTree = "<group>"; };
		03A126B00EC2496C0076DF63 /* WebKit.framework */ = {isa = PBXFileReference; lastKnownFileType = wrapper.framework; name = WebKit.framework; path = /System/Library/Frameworks/WebKit.framework; sourceTree = "<absolute>"; };
		03A127EA0EC252140076DF63 /* gmap.html */ = {isa = PBXFileReference; fileEncoding = 4; lastKnownFileType = text.html; path = gmap.html; sourceTree = "<group>"; };
		03A3F43F0C77D97E009AD69D /* CSSWindow.h */ = {isa = PBXFileReference; fileEncoding = 30; lastKnownFileType = sourcecode.c.h; path = CSSWindow.h; sourceTree = "<group>"; };
		03A3F4400C77D97E009AD69D /* CSSWindow.m */ = {isa = PBXFileReference; fileEncoding = 30; lastKnownFileType = sourcecode.c.objc; path = CSSWindow.m; sourceTree = "<group>"; };
		03A3F55B0C786878009AD69D /* CocoaSlideShow.icns */ = {isa = PBXFileReference; lastKnownFileType = image.icns; path = CocoaSlideShow.icns; sourceTree = "<group>"; };
		03B1BB0F0C5173B40032C03F /* AppDelegate.h */ = {isa = PBXFileReference; fileEncoding = 30; lastKnownFileType = sourcecode.c.h; path = AppDelegate.h; sourceTree = "<group>"; };
		03B1BB100C5173B40032C03F /* AppDelegate.m */ = {isa = PBXFileReference; fileEncoding = 30; lastKnownFileType = sourcecode.c.objc; path = AppDelegate.m; sourceTree = "<group>"; };
		03C710BC100BA1CE0050FA48 /* CSSBorderlessWindow.h */ = {isa = PBXFileReference; fileEncoding = 4; lastKnownFileType = sourcecode.c.h; path = CSSBorderlessWindow.h; sourceTree = "<group>"; };
		03C710BD100BA1CE0050FA48 /* CSSBorderlessWindow.m */ = {isa = PBXFileReference; fileEncoding = 4; lastKnownFileType = sourcecode.c.objc; path = CSSBorderlessWindow.m; sourceTree = "<group>"; };
		03DA06460C805F0B009D508F /* CSSImageInfo.h */ = {isa = PBXFileReference; fileEncoding = 4; lastKnownFileType = sourcecode.c.h; path = CSSImageInfo.h; sourceTree = "<group>"; };
		03DA06470C805F0B009D508F /* CSSImageInfo.m */ = {isa = PBXFileReference; fileEncoding = 4; lastKnownFileType = sourcecode.c.objc; path = CSSImageInfo.m; sourceTree = "<group>"; };
		089C165DFE840E0CC02AAC07 /* English */ = {isa = PBXFileReference; fileEncoding = 10; lastKnownFileType = text.plist.strings; name = English; path = English.lproj/InfoPlist.strings; sourceTree = "<group>"; };
		1058C7A1FEA54F0111CA2CBB /* Cocoa.framework */ = {isa = PBXFileReference; lastKnownFileType = wrapper.framework; name = Cocoa.framework; path = /System/Library/Frameworks/Cocoa.framework; sourceTree = "<absolute>"; };
		13E42FB307B3F0F600E4EEF1 /* CoreData.framework */ = {isa = PBXFileReference; lastKnownFileType = wrapper.framework; name = CoreData.framework; path = /System/Library/Frameworks/CoreData.framework; sourceTree = "<absolute>"; };
		29B97316FDCFA39411CA2CEA /* main.m */ = {isa = PBXFileReference; fileEncoding = 4; lastKnownFileType = sourcecode.c.objc; path = main.m; sourceTree = "<group>"; };
		29B97324FDCFA39411CA2CEA /* AppKit.framework */ = {isa = PBXFileReference; lastKnownFileType = wrapper.framework; name = AppKit.framework; path = /System/Library/Frameworks/AppKit.framework; sourceTree = "<absolute>"; };
		29B97325FDCFA39411CA2CEA /* Foundation.framework */ = {isa = PBXFileReference; lastKnownFileType = wrapper.framework; name = Foundation.framework; path = /System/Library/Frameworks/Foundation.framework; sourceTree = "<absolute>"; };
		32CA4F630368D1EE00C91783 /* CocoaSlideShow_Prefix.pch */ = {isa = PBXFileReference; fileEncoding = 4; lastKnownFileType = sourcecode.c.h; path = CocoaSlideShow_Prefix.pch; sourceTree = "<group>"; };
		5F4535E5135C5BD400CC3980 /* Quartz.framework */ = {isa = PBXFileReference; lastKnownFileType = wrapper.framework; name = Quartz.framework; path = System/Library/Frameworks/Quartz.framework; sourceTree = SDKROOT; };
		8D1107310486CEB800E47090 /* Info.plist */ = {isa = PBXFileReference; fileEncoding = 4; lastKnownFileType = text.plist; path = Info.plist; sourceTree = "<group>"; };
		8D1107320486CEB800E47090 /* CocoaSlideShow.app */ = {isa = PBXFileReference; explicitFileType = wrapper.application; includeInIndex = 0; path = CocoaSlideShow.app; sourceTree = BUILT_PRODUCTS_DIR; };
/* End PBXFileReference section */

/* Begin PBXFrameworksBuildPhase section */
		8D11072E0486CEB800E47090 /* Frameworks */ = {
			isa = PBXFrameworksBuildPhase;
			buildActionMask = 2147483647;
			files = (
				8D11072F0486CEB800E47090 /* Cocoa.framework in Frameworks */,
				0367A7FA0C56CA6600BD57E8 /* IOKit.framework in Frameworks */,
				036D5C2F0C7269D0004A8236 /* Carbon.framework in Frameworks */,
				03A126B10EC2496C0076DF63 /* WebKit.framework in Frameworks */,
				037F69C1100A29BC0071E2A9 /* Sparkle.framework in Frameworks */,
				037F6A21100A2BA00071E2A9 /* Sparkle.framework in Frameworks */,
				5F4535E6135C5BD400CC3980 /* Quartz.framework in Frameworks */,
				034F0B2D138EE5D000A98D10 /* Epeg.framework in Frameworks */,
			);
			runOnlyForDeploymentPostprocessing = 0;
		};
/* End PBXFrameworksBuildPhase section */

/* Begin PBXGroup section */
		031AD9AA0DBF854D00799D5C /* Remote Control */ = {
			isa = PBXGroup;
			children = (
				036D55110C712BFC004A8236 /* HIDRemoteControlDevice.h */,
				036D55120C712BFC004A8236 /* HIDRemoteControlDevice.m */,
				032F08190C542D820037F590 /* AppleRemote.h */,
				032F081A0C542D820037F590 /* AppleRemote.m */,
				036D55150C712C1B004A8236 /* RemoteControl.h */,
				036D55160C712C1B004A8236 /* RemoteControl.m */,
			);
			name = "Remote Control";
			sourceTree = "<group>";
		};
		080E96DDFE201D6D7F000001 /* Classes */ = {
			isa = PBXGroup;
			children = (
				031AD9AA0DBF854D00799D5C /* Remote Control */,
				03A122E10EC224F60076DF63 /* CSSImageView.h */,
				03A122E20EC224F60076DF63 /* CSSImageView.m */,
				03A3F43F0C77D97E009AD69D /* CSSWindow.h */,
				03A3F4400C77D97E009AD69D /* CSSWindow.m */,
				03DA06460C805F0B009D508F /* CSSImageInfo.h */,
				03DA06470C805F0B009D508F /* CSSImageInfo.m */,
				033804220C86084300439E5A /* ImagesController.h */,
				033804230C86084300439E5A /* ImagesController.m */,
				03B1BB0F0C5173B40032C03F /* AppDelegate.h */,
				03B1BB100C5173B40032C03F /* AppDelegate.m */,
				037D96170DCDDDCF00E8DEB7 /* AppDelegate+Toolbar.h */,
				037D96180DCDDDCF00E8DEB7 /* AppDelegate+Toolbar.m */,
				039B5A570ECE281600D7C02C /* CSSMapController.h */,
				039B5A580ECE281600D7C02C /* CSSMapController.m */,
				0304615F0C75158100D70803 /* NSFileManager+CSS.h */,
				030461600C75158100D70803 /* NSFileManager+CSS.m */,
				03458E580C81CA5300385D93 /* NSString+CSS.h */,
				03458E590C81CA5300385D93 /* NSString+CSS.m */,
				033F91E11012ACF8004AEBA0 /* NSImage+CSS.h */,
				033F91E21012ACF8004AEBA0 /* NSImage+CSS.m */,
				03C710BC100BA1CE0050FA48 /* CSSBorderlessWindow.h */,
				03C710BD100BA1CE0050FA48 /* CSSBorderlessWindow.m */,
			);
			name = Classes;
			sourceTree = "<group>";
		};
		1058C7A0FEA54F0111CA2CBB /* Linked Frameworks */ = {
			isa = PBXGroup;
			children = (
				034F0B2C138EE5D000A98D10 /* Epeg.framework */,
				037F69C0100A29BC0071E2A9 /* Sparkle.framework */,
				03A126B00EC2496C0076DF63 /* WebKit.framework */,
				036D5C2E0C7269D0004A8236 /* Carbon.framework */,
				0367A7F90C56CA6600BD57E8 /* IOKit.framework */,
				1058C7A1FEA54F0111CA2CBB /* Cocoa.framework */,
				5F4535E5135C5BD400CC3980 /* Quartz.framework */,
			);
			name = "Linked Frameworks";
			sourceTree = "<group>";
		};
		1058C7A2FEA54F0111CA2CBB /* Other Frameworks */ = {
			isa = PBXGroup;
			children = (
				29B97324FDCFA39411CA2CEA /* AppKit.framework */,
				13E42FB307B3F0F600E4EEF1 /* CoreData.framework */,
				29B97325FDCFA39411CA2CEA /* Foundation.framework */,
			);
			name = "Other Frameworks";
			sourceTree = "<group>";
		};
		19C28FACFE9D520D11CA2CBB /* Products */ = {
			isa = PBXGroup;
			children = (
				8D1107320486CEB800E47090 /* CocoaSlideShow.app */,
			);
			name = Products;
			sourceTree = "<group>";
		};
		29B97314FDCFA39411CA2CEA /* CocoaSlideShow */ = {
			isa = PBXGroup;
			children = (
				080E96DDFE201D6D7F000001 /* Classes */,
				29B97315FDCFA39411CA2CEA /* Other Sources */,
				29B97317FDCFA39411CA2CEA /* Resources */,
				29B97323FDCFA39411CA2CEA /* Frameworks */,
				19C28FACFE9D520D11CA2CBB /* Products */,
			);
			name = CocoaSlideShow;
			sourceTree = "<group>";
		};
		29B97315FDCFA39411CA2CEA /* Other Sources */ = {
			isa = PBXGroup;
			children = (
				32CA4F630368D1EE00C91783 /* CocoaSlideShow_Prefix.pch */,
				29B97316FDCFA39411CA2CEA /* main.m */,
			);
			name = "Other Sources";
			sourceTree = "<group>";
		};
		29B97317FDCFA39411CA2CEA /* Resources */ = {
			isa = PBXGroup;
			children = (
				037F6B26100A34130071E2A9 /* css_dsa_pub.pem */,
				034FC8770EBFB09C00BE42CA /* gmap.png */,
				03677B950E3A45C500524B59 /* right.png */,
				03677B960E3A45C500524B59 /* slideshow.png */,
				03677B970E3A45C500524B59 /* trash.png */,
				03677B980E3A45C500524B59 /* remove.png */,
				03677B990E3A45C500524B59 /* fullscreen.png */,
				03677B9A0E3A45C500524B59 /* left.png */,
				03677B9B0E3A45C500524B59 /* flag.png */,
				03677B9C0E3A45C500524B59 /* folder.png */,
				03677B9D0E3A45C600524B59 /* add.png */,
				034CA91B0DEB72CD00460991 /* Flagged.png */,
				034CA91C0DEB72CD00460991 /* FlaggedHeader.png */,
				03A3F55B0C786878009AD69D /* CocoaSlideShow.icns */,
				030463F00C75347700D70803 /* Credits.html */,
				8D1107310486CEB800E47090 /* Info.plist */,
				037D95D20DCDD8BB00E8DEB7 /* MainMenu.xib */,
				089C165CFE840E0CC02AAC07 /* InfoPlist.strings */,
				03A127EA0EC252140076DF63 /* gmap.html */,
				037F66C11008E7FD0071E2A9 /* UserDefaults.plist */,
				037F672C1008EDAE0071E2A9 /* Localizable.strings */,
			);
			name = Resources;
			sourceTree = "<group>";
		};
		29B97323FDCFA39411CA2CEA /* Frameworks */ = {
			isa = PBXGroup;
			children = (
				1058C7A0FEA54F0111CA2CBB /* Linked Frameworks */,
				1058C7A2FEA54F0111CA2CBB /* Other Frameworks */,
			);
			name = Frameworks;
			sourceTree = "<group>";
		};
/* End PBXGroup section */

/* Begin PBXNativeTarget section */
		8D1107260486CEB800E47090 /* CocoaSlideShow */ = {
			isa = PBXNativeTarget;
			buildConfigurationList = C01FCF4A08A954540054247B /* Build configuration list for PBXNativeTarget "CocoaSlideShow" */;
			buildPhases = (
				8D11072C0486CEB800E47090 /* Sources */,
				8D11072E0486CEB800E47090 /* Frameworks */,
				8D1107290486CEB800E47090 /* Resources */,
				037F6A2B100A2BB60071E2A9 /* Copy Frameworks */,
			);
			buildRules = (
			);
			dependencies = (
			);
			name = CocoaSlideShow;
			productInstallPath = "$(HOME)/Applications";
			productName = CocoaSlideShow;
			productReference = 8D1107320486CEB800E47090 /* CocoaSlideShow.app */;
			productType = "com.apple.product-type.application";
		};
/* End PBXNativeTarget section */

/* Begin PBXProject section */
		29B97313FDCFA39411CA2CEA /* Project object */ = {
			isa = PBXProject;
			buildConfigurationList = C01FCF4E08A954540054247B /* Build configuration list for PBXProject "CocoaSlideShow" */;
			compatibilityVersion = "Xcode 2.4";
			developmentRegion = English;
			hasScannedForEncodings = 1;
			knownRegions = (
				English,
				Japanese,
				French,
				German,
			);
			mainGroup = 29B97314FDCFA39411CA2CEA /* CocoaSlideShow */;
			projectDirPath = "";
			projectRoot = "";
			targets = (
				8D1107260486CEB800E47090 /* CocoaSlideShow */,
			);
		};
/* End PBXProject section */

/* Begin PBXResourcesBuildPhase section */
		8D1107290486CEB800E47090 /* Resources */ = {
			isa = PBXResourcesBuildPhase;
			buildActionMask = 2147483647;
			files = (
				8D11072B0486CEB800E47090 /* InfoPlist.strings in Resources */,
				030463F10C75347700D70803 /* Credits.html in Resources */,
				03A3F55C0C786878009AD69D /* CocoaSlideShow.icns in Resources */,
				037D95D40DCDD8BB00E8DEB7 /* MainMenu.xib in Resources */,
				034CA91D0DEB72CD00460991 /* Flagged.png in Resources */,
				034CA91E0DEB72CD00460991 /* FlaggedHeader.png in Resources */,
				03677B9E0E3A45C600524B59 /* right.png in Resources */,
				03677B9F0E3A45C600524B59 /* slideshow.png in Resources */,
				03677BA00E3A45C600524B59 /* trash.png in Resources */,
				03677BA10E3A45C600524B59 /* remove.png in Resources */,
				03677BA20E3A45C600524B59 /* fullscreen.png in Resources */,
				03677BA30E3A45C600524B59 /* left.png in Resources */,
				03677BA40E3A45C600524B59 /* flag.png in Resources */,
				03677BA50E3A45C600524B59 /* folder.png in Resources */,
				03677BA60E3A45C600524B59 /* add.png in Resources */,
				034FC8780EBFB09C00BE42CA /* gmap.png in Resources */,
				03A127EB0EC252140076DF63 /* gmap.html in Resources */,
				037F66C21008E7FD0071E2A9 /* UserDefaults.plist in Resources */,
				037F672D1008EDAE0071E2A9 /* Localizable.strings in Resources */,
				037F6B27100A34130071E2A9 /* css_dsa_pub.pem in Resources */,
			);
			runOnlyForDeploymentPostprocessing = 0;
		};
/* End PBXResourcesBuildPhase section */

/* Begin PBXSourcesBuildPhase section */
		8D11072C0486CEB800E47090 /* Sources */ = {
			isa = PBXSourcesBuildPhase;
			buildActionMask = 2147483647;
			files = (
				8D11072D0486CEB800E47090 /* main.m in Sources */,
				03B1BB110C5173B40032C03F /* AppDelegate.m in Sources */,
				032F081B0C542D820037F590 /* AppleRemote.m in Sources */,
				036D55130C712BFC004A8236 /* HIDRemoteControlDevice.m in Sources */,
				036D55170C712C1B004A8236 /* RemoteControl.m in Sources */,
				030461610C75158100D70803 /* NSFileManager+CSS.m in Sources */,
				03A3F4410C77D97E009AD69D /* CSSWindow.m in Sources */,
				03DA06480C805F0B009D508F /* CSSImageInfo.m in Sources */,
				03458E5A0C81CA5300385D93 /* NSString+CSS.m in Sources */,
				033804240C86084300439E5A /* ImagesController.m in Sources */,
				037D96190DCDDDCF00E8DEB7 /* AppDelegate+Toolbar.m in Sources */,
				03A122E30EC224F60076DF63 /* CSSImageView.m in Sources */,
				039B5A590ECE281600D7C02C /* CSSMapController.m in Sources */,
				03C710BE100BA1CE0050FA48 /* CSSBorderlessWindow.m in Sources */,
				033F91E31012ACF8004AEBA0 /* NSImage+CSS.m in Sources */,
			);
			runOnlyForDeploymentPostprocessing = 0;
		};
/* End PBXSourcesBuildPhase section */

/* Begin PBXVariantGroup section */
		037D95D20DCDD8BB00E8DEB7 /* MainMenu.xib */ = {
			isa = PBXVariantGroup;
			children = (
				037D95D30DCDD8BB00E8DEB7 /* English */,
				037F67A11008F41E0071E2A9 /* French */,
			);
			name = MainMenu.xib;
			sourceTree = "<group>";
		};
		037F672C1008EDAE0071E2A9 /* Localizable.strings */ = {
			isa = PBXVariantGroup;
			children = (
				037F672A1008EDA90071E2A9 /* English */,
				037F67341008EDB60071E2A9 /* French */,
			);
			name = Localizable.strings;
			sourceTree = "<group>";
		};
		089C165CFE840E0CC02AAC07 /* InfoPlist.strings */ = {
			isa = PBXVariantGroup;
			children = (
				089C165DFE840E0CC02AAC07 /* English */,
			);
			name = InfoPlist.strings;
			sourceTree = "<group>";
		};
/* End PBXVariantGroup section */

/* Begin XCBuildConfiguration section */
		C01FCF4B08A954540054247B /* Debug */ = {
			isa = XCBuildConfiguration;
			buildSettings = {
				ARCHS = "$(ARCHS_STANDARD_32_BIT_PRE_XCODE_3_1)";
				ARCHS_STANDARD_32_BIT_PRE_XCODE_3_1 = "ppc i386";
				FRAMEWORK_SEARCH_PATHS = (
					"$(inherited)",
					"$(FRAMEWORK_SEARCH_PATHS_QUOTED_FOR_TARGET_1)",
					"$(FRAMEWORK_SEARCH_PATHS_QUOTED_FOR_TARGET_2)",
					"$(FRAMEWORK_SEARCH_PATHS_QUOTED_FOR_TARGET_3)",
					"$(FRAMEWORK_SEARCH_PATHS_QUOTED_FOR_TARGET_4)",
				);
				FRAMEWORK_SEARCH_PATHS_QUOTED_FOR_TARGET_1 = "\"$(SDKROOT)$(SYSTEM_LIBRARY_DIR)/PrivateFrameworks\"";
				FRAMEWORK_SEARCH_PATHS_QUOTED_FOR_TARGET_2 = "\"$(SRCROOT)\"";
				FRAMEWORK_SEARCH_PATHS_QUOTED_FOR_TARGET_3 = "\"$(SRCROOT)\"";
				FRAMEWORK_SEARCH_PATHS_QUOTED_FOR_TARGET_4 = "\"$(SRCROOT)\"";
				GCC_DYNAMIC_NO_PIC = NO;
				GCC_ENABLE_FIX_AND_CONTINUE = YES;
				GCC_MODEL_TUNING = G5;
				GCC_OPTIMIZATION_LEVEL = 0;
				INFOPLIST_FILE = Info.plist;
				INSTALL_PATH = "$(HOME)/Applications";
				MACOSX_DEPLOYMENT_TARGET = 10.7;
				PRODUCT_NAME = CocoaSlideShow;
				SDKROOT = macosx10.7;
				WRAPPER_EXTENSION = app;
				ZERO_LINK = YES;
			};
			name = Debug;
		};
		C01FCF4C08A954540054247B /* Release */ = {
			isa = XCBuildConfiguration;
			buildSettings = {
				ARCHS = "$(ARCHS_STANDARD_32_BIT_PRE_XCODE_3_1)";
				ARCHS_STANDARD_32_BIT_PRE_XCODE_3_1 = "ppc i386";
				FRAMEWORK_SEARCH_PATHS = (
					"$(inherited)",
					"$(FRAMEWORK_SEARCH_PATHS_QUOTED_FOR_TARGET_1)",
					"$(FRAMEWORK_SEARCH_PATHS_QUOTED_FOR_TARGET_2)",
					"$(FRAMEWORK_SEARCH_PATHS_QUOTED_FOR_TARGET_3)",
					"$(FRAMEWORK_SEARCH_PATHS_QUOTED_FOR_TARGET_4)",
				);
				FRAMEWORK_SEARCH_PATHS_QUOTED_FOR_TARGET_1 = "\"$(SDKROOT)$(SYSTEM_LIBRARY_DIR)/PrivateFrameworks\"";
				FRAMEWORK_SEARCH_PATHS_QUOTED_FOR_TARGET_2 = "\"$(SRCROOT)\"";
				FRAMEWORK_SEARCH_PATHS_QUOTED_FOR_TARGET_3 = "\"$(SRCROOT)\"";
				FRAMEWORK_SEARCH_PATHS_QUOTED_FOR_TARGET_4 = "\"$(SRCROOT)\"";
				GCC_GENERATE_DEBUGGING_SYMBOLS = NO;
				GCC_MODEL_TUNING = G5;
				INFOPLIST_FILE = Info.plist;
				INSTALL_PATH = "$(HOME)/Applications";
				MACOSX_DEPLOYMENT_TARGET = 10.7;
				PRODUCT_NAME = CocoaSlideShow;
				SDKROOT = macosx10.7;
				WRAPPER_EXTENSION = app;
			};
			name = Release;
		};
		C01FCF4F08A954540054247B /* Debug */ = {
			isa = XCBuildConfiguration;
			buildSettings = {
				ARCHS = "$(ONLY_ACTIVE_ARCH_PRE_XCODE_3_1)";
				GCC_ENABLE_OBJC_EXCEPTIONS = YES;
				GCC_VERSION = "";
				GCC_WARN_ABOUT_RETURN_TYPE = YES;
				GCC_WARN_UNUSED_PARAMETER = NO;
				GCC_WARN_UNUSED_VALUE = NO;
				GCC_WARN_UNUSED_VARIABLE = YES;
				MACOSX_DEPLOYMENT_TARGET = 10.7;
				ONLY_ACTIVE_ARCH_PRE_XCODE_3_1 = "$(NATIVE_ARCH_ACTUAL)";
				PREBINDING = NO;
				SDKROOT = macosx10.7;
				WARNING_CFLAGS = "-Wunreachable-code";
			};
			name = Debug;
		};
		C01FCF5008A954540054247B /* Release */ = {
			isa = XCBuildConfiguration;
			buildSettings = {
				ARCHS = "$(ARCHS_STANDARD_32_64_BIT_PRE_XCODE_3_1)";
				ARCHS_STANDARD_32_64_BIT_PRE_XCODE_3_1 = "x86_64 i386 ppc";
				GCC_ENABLE_OBJC_EXCEPTIONS = YES;
				GCC_VERSION = "";
				GCC_WARN_ABOUT_RETURN_TYPE = YES;
				GCC_WARN_UNUSED_VARIABLE = YES;
				MACOSX_DEPLOYMENT_TARGET = 10.7;
				PREBINDING = NO;
				SDKROOT = macosx10.7;
			};
			name = Release;
		};
/* End XCBuildConfiguration section */

/* Begin XCConfigurationList section */
		C01FCF4A08A954540054247B /* Build configuration list for PBXNativeTarget "CocoaSlideShow" */ = {
			isa = XCConfigurationList;
			buildConfigurations = (
				C01FCF4C08A954540054247B /* Release */,
				C01FCF4B08A954540054247B /* Debug */,
			);
			defaultConfigurationIsVisible = 0;
			defaultConfigurationName = Debug;
		};
		C01FCF4E08A954540054247B /* Build configuration list for PBXProject "CocoaSlideShow" */ = {
			isa = XCConfigurationList;
			buildConfigurations = (
				C01FCF5008A954540054247B /* Release */,
				C01FCF4F08A954540054247B /* Debug */,
			);
			defaultConfigurationIsVisible = 0;
			defaultConfigurationName = Debug;
		};
/* End XCConfigurationList section */
	};
	rootObject = 29B97313FDCFA39411CA2CEA /* Project object */;
}
